{
  "name": "shadowgame",
  "version": "1.0.0",
  "lockfileVersion": 3,
  "requires": true,
  "packages": {
    "": {
      "name": "shadowgame",
      "version": "1.0.0",
      "license": "ISC",
      "dependencies": {
        "@mediapipe/selfie_segmentation": "^0.1.1675465747",
        "@mediapipe/tasks-vision": "^0.10.35"
      }
    },
    "node_modules/@mediapipe/selfie_segmentation": {
      "version": "0.1.1675465747",
      "resolved": "https://registry.npmjs.org/@mediapipe/selfie_segmentation/-/selfie_segmentation-0.1.1675465747.tgz",
      "integrity": "sha512-IxYxNhwE5VwOm52L1yoFWYLP7q9Pd+NJjzOC5tlepfvEGaY3o9hslhUrx9BgseqdfZtKSDtd/4NfCSMjNzQalA=="
    },
    "node_modules/@mediapipe/tasks-vision": {
      "version": "0.10.35",
      "resolved": "https://registry.npmjs.org/@mediapipe/tasks-vision/-/tasks-vision-0.10.35.tgz",
      "integrity": "sha512-HOvadwVRE6JC+45nyYhmnywnr5h/J8KZvOeUNVOG9q/0875pZgItznFB9bRTvLc264YSJqiZ1NsIpCStJw/egg=="
    }
  }
}
